
Microsoft Visual Studio Solution File, Format Version 12.00
# Visual Studio Version 16
VisualStudioVersion = 16.0.30804.86
MinimumVisualStudioVersion = 10.0.40219.1
Project("{FAE04EC0-301F-11D3-BF4B-00C04F79EFBC}") = "NewsProject.EntityLayer", "NewsProject.EntityLayer\NewsProject.EntityLayer.csproj", "{6244D327-2088-456D-AC18-B33FAE8959D4}"
EndProject
Project("{FAE04EC0-301F-11D3-BF4B-00C04F79EFBC}") = "NewsProject.MapLayer", "NewsProject.MapLayer\NewsProject.MapLayer.csproj", "{CE290AAA-F371-4EA6-893F-B17FDD60EBF6}"
EndProject
Project("{FAE04EC0-301F-11D3-BF4B-00C04F79EFBC}") = "NewsProject.DataAccessLayer", "NewsProject.DataAccessLayer\NewsProject.DataAccessLayer.csproj", "{E02A5F53-BFDC-4784-B5C8-BE315D588D99}"
EndProject
Project("{FAE04EC0-301F-11D3-BF4B-00C04F79EFBC}") = "NewsProject.UI", "NewsProject.UI\NewsProject.UI.csproj", "{BC0450AA-6EEA-4504-9407-DF030EA050C8}"
EndProject
Project("{FAE04EC0-301F-11D3-BF4B-00C04F79EFBC}") = "NewsProject.Utility", "NewsProject.Utility\NewsProject.Utility.csproj", "{221E8BD4-045D-4E00-88A9-C9FDF94284C0}"
EndProject
Global
	GlobalSection(SolutionConfigurationPlatforms) = preSolution
		Debug|Any CPU = Debug|Any CPU
		Release|Any CPU = Release|Any CPU
	EndGlobalSection
	GlobalSection(ProjectConfigurationPlatforms) = postSolution
		{6244D327-2088-456D-AC18-B33FAE8959D4}.Debug|Any CPU.ActiveCfg = Debug|Any CPU
		{6244D327-2088-456D-AC18-B33FAE8959D4}.Debug|Any CPU.Build.0 = Debug|Any CPU
		{6244D327-2088-456D-AC18-B33FAE8959D4}.Release|Any CPU.ActiveCfg = Release|Any CPU
		{6244D327-2088-456D-AC18-B33FAE8959D4}.Release|Any CPU.Build.0 = Release|Any CPU
		{CE290AAA-F371-4EA6-893F-B17FDD60EBF6}.Debug|Any CPU.ActiveCfg = Debug|Any CPU
		{CE290AAA-F371-4EA6-893F-B17FDD60EBF6}.Debug|Any CPU.Build.0 = Debug|Any CPU
		{CE290AAA-F371-4EA6-893F-B17FDD60EBF6}.Release|Any CPU.ActiveCfg = Release|Any CPU
		{CE290AAA-F371-4EA6-893F-B17FDD60EBF6}.Release|Any CPU.Build.0 = Release|Any CPU
		{E02A5F53-BFDC-4784-B5C8-BE315D588D99}.Debug|Any CPU.ActiveCfg = Debug|Any CPU
		{E02A5F53-BFDC-4784-B5C8-BE315D588D99}.Debug|Any CPU.Build.0 = Debug|Any CPU
		{E02A5F53-BFDC-4784-B5C8-BE315D588D99}.Release|Any CPU.ActiveCfg = Release|Any CPU
		{E02A5F53-BFDC-4784-B5C8-BE315D588D99}.Release|Any CPU.Build.0 = Release|Any CPU
		{BC0450AA-6EEA-4504-9407-DF030EA050C8}.Debug|Any CPU.ActiveCfg = Debug|Any CPU
		{BC0450AA-6EEA-4504-9407-DF030EA050C8}.Debug|Any CPU.Build.0 = Debug|Any CPU
		{BC0450AA-6EEA-4504-9407-DF030EA050C8}.Release|Any CPU.ActiveCfg = Release|Any CPU
		{BC0450AA-6EEA-4504-9407-DF030EA050C8}.Release|Any CPU.Build.0 = Release|Any CPU
		{221E8BD4-045D-4E00-88A9-C9FDF94284C0}.Debug|Any CPU.ActiveCfg = Debug|Any CPU
		{221E8BD4-045D-4E00-88A9-C9FDF94284C0}.Debug|Any CPU.Build.0 = Debug|Any CPU
		{221E8BD4-045D-4E00-88A9-C9FDF94284C0}.Release|Any CPU.ActiveCfg = Release|Any CPU
		{221E8BD4-045D-4E00-88A9-C9FDF94284C0}.Release|Any CPU.Build.0 = Release|Any CPU
	EndGlobalSection
	GlobalSection(SolutionProperties) = preSolution
		HideSolutionNode = FALSE
	EndGlobalSection
	GlobalSection(ExtensibilityGlobals) = postSolution
		SolutionGuid = {1C5E511B-DF80-4E74-BF18-3600C812C466}
	EndGlobalSection
EndGlobal
